
Microsoft Visual Studio Solution File, Format Version 12.00
# Visual Studio Version 16
VisualStudioVersion = 16.0.30804.86
MinimumVisualStudioVersion = 10.0.40219.1
Project("{2150E333-8FDC-42A3-9474-1A3956D46DE8}") = "Platforms", "Platforms", "{1474B81A-1249-4BEF-9D05-C523BD223CC5}"
EndProject
Project("{FAE04EC0-301F-11D3-BF4B-00C04F79EFBC}") = "FBLAQuizApp.Droid", "FBLAQuizApp\FBLAQuizApp.Droid\FBLAQuizApp.Droid.csproj", "{8F0F9C23-2211-416A-B69C-9A6C693EE289}"
EndProject
Project("{FAE04EC0-301F-11D3-BF4B-00C04F79EFBC}") = "FBLAQuizApp.iOS", "FBLAQuizApp\FBLAQuizApp.iOS\FBLAQuizApp.iOS.csproj", "{1861FAB5-ACDC-434B-9524-4108B7190B0F}"
EndProject
Project("{FAE04EC0-301F-11D3-BF4B-00C04F79EFBC}") = "FBLAQuizApp.UWP", "FBLAQuizApp\FBLAQuizApp.UWP\FBLAQuizApp.UWP.csproj", "{0A6B5204-CB1F-48A4-87DD-63F7D14E2558}"
EndProject
Project("{9A19103F-16F7-4668-BE54-9A1E7A4F7556}") = "FBLAQuizApp.Wasm", "FBLAQuizApp\FBLAQuizApp.Wasm\FBLAQuizApp.Wasm.csproj", "{092792D1-33A0-4E1C-982C-BEF98A9B1336}"
EndProject
Project("{FAE04EC0-301F-11D3-BF4B-00C04F79EFBC}") = "FBLAQuizApp.macOS", "FBLAQuizApp\FBLAQuizApp.macOS\FBLAQuizApp.macOS.csproj", "{F3A29B3A-622F-41A7-AF87-3260F049A83F}"
EndProject
Project("{9A19103F-16F7-4668-BE54-9A1E7A4F7556}") = "FBLAQuizApp.Skia.Wpf.Host", "FBLAQuizApp\FBLAQuizApp.Skia.Wpf.Host\FBLAQuizApp.Skia.Wpf.Host.csproj", "{245BE66C-712D-4055-9230-BD3D2F049A27}"
EndProject
Project("{9A19103F-16F7-4668-BE54-9A1E7A4F7556}") = "FBLAQuizApp.Skia.Wpf", "FBLAQuizApp\FBLAQuizApp.Skia.Wpf\FBLAQuizApp.Skia.Wpf.csproj", "{7B16CAF9-38B3-484F-BDB9-A85B925027AE}"
EndProject
Project("{9A19103F-16F7-4668-BE54-9A1E7A4F7556}") = "FBLAQuizApp.Skia.Gtk", "FBLAQuizApp\FBLAQuizApp.Skia.Gtk\FBLAQuizApp.Skia.Gtk.csproj", "{C5598C9A-42B3-4242-BDEA-017E9801ED4D}"
EndProject
Project("{9A19103F-16F7-4668-BE54-9A1E7A4F7556}") = "FBLAQuizApp.Skia.Tizen", "FBLAQuizApp\FBLAQuizApp.Skia.Tizen\FBLAQuizApp.Skia.Tizen.csproj", "{16C07E74-7BE4-4E30-A6F2-44F9771A2F22}"
EndProject
Project("{D954291E-2A0B-460D-934E-DC6B0785DB48}") = "FBLAQuizApp.Shared", "FBLAQuizApp\FBLAQuizApp.Shared\FBLAQuizApp.Shared.shproj", "{6279C845-92F8-4333-AB99-3D213163593C}"
EndProject
Global
	GlobalSection(SharedMSBuildProjectFiles) = preSolution
		FBLAQuizApp\FBLAQuizApp.Shared\FBLAQuizApp.Shared.projitems*{092792d1-33a0-4e1c-982c-bef98a9b1336}*SharedItemsImports = 5
		FBLAQuizApp\FBLAQuizApp.Shared\FBLAQuizApp.Shared.projitems*{0a6b5204-cb1f-48a4-87dd-63f7d14e2558}*SharedItemsImports = 4
		FBLAQuizApp\FBLAQuizApp.Shared\FBLAQuizApp.Shared.projitems*{16c07e74-7be4-4e30-a6f2-44f9771a2f22}*SharedItemsImports = 5
		FBLAQuizApp\FBLAQuizApp.Shared\FBLAQuizApp.Shared.projitems*{1861fab5-acdc-434b-9524-4108b7190b0f}*SharedItemsImports = 4
		FBLAQuizApp\FBLAQuizApp.Shared\FBLAQuizApp.Shared.projitems*{6279c845-92f8-4333-ab99-3d213163593c}*SharedItemsImports = 13
		FBLAQuizApp\FBLAQuizApp.Shared\FBLAQuizApp.Shared.projitems*{7b16caf9-38b3-484f-bdb9-a85b925027ae}*SharedItemsImports = 5
		FBLAQuizApp\FBLAQuizApp.Shared\FBLAQuizApp.Shared.projitems*{8f0f9c23-2211-416a-b69c-9a6c693ee289}*SharedItemsImports = 4
		FBLAQuizApp\FBLAQuizApp.Shared\FBLAQuizApp.Shared.projitems*{c5598c9a-42b3-4242-bdea-017e9801ed4d}*SharedItemsImports = 5
		FBLAQuizApp\FBLAQuizApp.Shared\FBLAQuizApp.Shared.projitems*{f3a29b3a-622f-41a7-af87-3260f049a83f}*SharedItemsImports = 4
	EndGlobalSection
	GlobalSection(SolutionConfigurationPlatforms) = preSolution
		Ad-Hoc|Any CPU = Ad-Hoc|Any CPU
		Ad-Hoc|ARM = Ad-Hoc|ARM
		Ad-Hoc|ARM64 = Ad-Hoc|ARM64
		Ad-Hoc|iPhone = Ad-Hoc|iPhone
		Ad-Hoc|iPhoneSimulator = Ad-Hoc|iPhoneSimulator
		Ad-Hoc|x64 = Ad-Hoc|x64
		Ad-Hoc|x86 = Ad-Hoc|x86
		AppStore|Any CPU = AppStore|Any CPU
		AppStore|ARM = AppStore|ARM
		AppStore|ARM64 = AppStore|ARM64
		AppStore|iPhone = AppStore|iPhone
		AppStore|iPhoneSimulator = AppStore|iPhoneSimulator
		AppStore|x64 = AppStore|x64
		AppStore|x86 = AppStore|x86
		Debug|Any CPU = Debug|Any CPU
		Debug|ARM = Debug|ARM
		Debug|ARM64 = Debug|ARM64
		Debug|iPhone = Debug|iPhone
		Debug|iPhoneSimulator = Debug|iPhoneSimulator
		Debug|x64 = Debug|x64
		Debug|x86 = Debug|x86
		Release|Any CPU = Release|Any CPU
		Release|ARM = Release|ARM
		Release|ARM64 = Release|ARM64
		Release|iPhone = Release|iPhone
		Release|iPhoneSimulator = Release|iPhoneSimulator
		Release|x64 = Release|x64
		Release|x86 = Release|x86
	EndGlobalSection
	GlobalSection(ProjectConfigurationPlatforms) = postSolution
		{8F0F9C23-2211-416A-B69C-9A6C693EE289}.Ad-Hoc|Any CPU.ActiveCfg = Debug|Any CPU
		{8F0F9C23-2211-416A-B69C-9A6C693EE289}.Ad-Hoc|Any CPU.Build.0 = Debug|Any CPU
		{8F0F9C23-2211-416A-B69C-9A6C693EE289}.Ad-Hoc|Any CPU.Deploy.0 = Debug|Any CPU
		{8F0F9C23-2211-416A-B69C-9A6C693EE289}.Ad-Hoc|ARM.ActiveCfg = Debug|Any CPU
		{8F0F9C23-2211-416A-B69C-9A6C693EE289}.Ad-Hoc|ARM.Build.0 = Debug|Any CPU
		{8F0F9C23-2211-416A-B69C-9A6C693EE289}.Ad-Hoc|ARM.Deploy.0 = Debug|Any CPU
		{8F0F9C23-2211-416A-B69C-9A6C693EE289}.Ad-Hoc|ARM64.ActiveCfg = Debug|Any CPU
		{8F0F9C23-2211-416A-B69C-9A6C693EE289}.Ad-Hoc|ARM64.Build.0 = Debug|Any CPU
		{8F0F9C23-2211-416A-B69C-9A6C693EE289}.Ad-Hoc|ARM64.Deploy.0 = Debug|Any CPU
		{8F0F9C23-2211-416A-B69C-9A6C693EE289}.Ad-Hoc|iPhone.ActiveCfg = Debug|Any CPU
		{8F0F9C23-2211-416A-B69C-9A6C693EE289}.Ad-Hoc|iPhone.Build.0 = Debug|Any CPU
		{8F0F9C23-2211-416A-B69C-9A6C693EE289}.Ad-Hoc|iPhone.Deploy.0 = Debug|Any CPU
		{8F0F9C23-2211-416A-B69C-9A6C693EE289}.Ad-Hoc|iPhoneSimulator.ActiveCfg = Debug|Any CPU
		{8F0F9C23-2211-416A-B69C-9A6C693EE289}.Ad-Hoc|iPhoneSimulator.Build.0 = Debug|Any CPU
		{8F0F9C23-2211-416A-B69C-9A6C693EE289}.Ad-Hoc|iPhoneSimulator.Deploy.0 = Debug|Any CPU
		{8F0F9C23-2211-416A-B69C-9A6C693EE289}.Ad-Hoc|x64.ActiveCfg = Debug|Any CPU
		{8F0F9C23-2211-416A-B69C-9A6C693EE289}.Ad-Hoc|x64.Build.0 = Debug|Any CPU
		{8F0F9C23-2211-416A-B69C-9A6C693EE289}.Ad-Hoc|x64.Deploy.0 = Debug|Any CPU
		{8F0F9C23-2211-416A-B69C-9A6C693EE289}.Ad-Hoc|x86.ActiveCfg = Debug|Any CPU
		{8F0F9C23-2211-416A-B69C-9A6C693EE289}.Ad-Hoc|x86.Build.0 = Debug|Any CPU
		{8F0F9C23-2211-416A-B69C-9A6C693EE289}.Ad-Hoc|x86.Deploy.0 = Debug|Any CPU
		{8F0F9C23-2211-416A-B69C-9A6C693EE289}.AppStore|Any CPU.ActiveCfg = Debug|Any CPU
		{8F0F9C23-2211-416A-B69C-9A6C693EE289}.AppStore|Any CPU.Build.0 = Debug|Any CPU
		{8F0F9C23-2211-416A-B69C-9A6C693EE289}.AppStore|Any CPU.Deploy.0 = Debug|Any CPU
		{8F0F9C23-2211-416A-B69C-9A6C693EE289}.AppStore|ARM.ActiveCfg = Debug|Any CPU
		{8F0F9C23-2211-416A-B69C-9A6C693EE289}.AppStore|ARM.Build.0 = Debug|Any CPU
		{8F0F9C23-2211-416A-B69C-9A6C693EE289}.AppStore|ARM.Deploy.0 = Debug|Any CPU
		{8F0F9C23-2211-416A-B69C-9A6C693EE289}.AppStore|ARM64.ActiveCfg = Debug|Any CPU
		{8F0F9C23-2211-416A-B69C-9A6C693EE289}.AppStore|ARM64.Build.0 = Debug|Any CPU
		{8F0F9C23-2211-416A-B69C-9A6C693EE289}.AppStore|ARM64.Deploy.0 = Debug|Any CPU
		{8F0F9C23-2211-416A-B69C-9A6C693EE289}.AppStore|iPhone.ActiveCfg = Debug|Any CPU
		{8F0F9C23-2211-416A-B69C-9A6C693EE289}.AppStore|iPhone.Build.0 = Debug|Any CPU
		{8F0F9C23-2211-416A-B69C-9A6C693EE289}.AppStore|iPhone.Deploy.0 = Debug|Any CPU
		{8F0F9C23-2211-416A-B69C-9A6C693EE289}.AppStore|iPhoneSimulator.ActiveCfg = Debug|Any CPU
		{8F0F9C23-2211-416A-B69C-9A6C693EE289}.AppStore|iPhoneSimulator.Build.0 = Debug|Any CPU
		{8F0F9C23-2211-416A-B69C-9A6C693EE289}.AppStore|iPhoneSimulator.Deploy.0 = Debug|Any CPU
		{8F0F9C23-2211-416A-B69C-9A6C693EE289}.AppStore|x64.ActiveCfg = Debug|Any CPU
		{8F0F9C23-2211-416A-B69C-9A6C693EE289}.AppStore|x64.Build.0 = Debug|Any CPU
		{8F0F9C23-2211-416A-B69C-9A6C693EE289}.AppStore|x64.Deploy.0 = Debug|Any CPU
		{8F0F9C23-2211-416A-B69C-9A6C693EE289}.AppStore|x86.ActiveCfg = Debug|Any CPU
		{8F0F9C23-2211-416A-B69C-9A6C693EE289}.AppStore|x86.Build.0 = Debug|Any CPU
		{8F0F9C23-2211-416A-B69C-9A6C693EE289}.AppStore|x86.Deploy.0 = Debug|Any CPU
		{8F0F9C23-2211-416A-B69C-9A6C693EE289}.Debug|Any CPU.ActiveCfg = Debug|Any CPU
		{8F0F9C23-2211-416A-B69C-9A6C693EE289}.Debug|Any CPU.Build.0 = Debug|Any CPU
		{8F0F9C23-2211-416A-B69C-9A6C693EE289}.Debug|Any CPU.Deploy.0 = Debug|Any CPU
		{8F0F9C23-2211-416A-B69C-9A6C693EE289}.Debug|ARM.ActiveCfg = Debug|Any CPU
		{8F0F9C23-2211-416A-B69C-9A6C693EE289}.Debug|ARM.Build.0 = Debug|Any CPU
		{8F0F9C23-2211-416A-B69C-9A6C693EE289}.Debug|ARM.Deploy.0 = Debug|Any CPU
		{8F0F9C23-2211-416A-B69C-9A6C693EE289}.Debug|ARM64.ActiveCfg = Debug|Any CPU
		{8F0F9C23-2211-416A-B69C-9A6C693EE289}.Debug|ARM64.Build.0 = Debug|Any CPU
		{8F0F9C23-2211-416A-B69C-9A6C693EE289}.Debug|ARM64.Deploy.0 = Debug|Any CPU
		{8F0F9C23-2211-416A-B69C-9A6C693EE289}.Debug|iPhone.ActiveCfg = Debug|Any CPU
		{8F0F9C23-2211-416A-B69C-9A6C693EE289}.Debug|iPhone.Build.0 = Debug|Any CPU
		{8F0F9C23-2211-416A-B69C-9A6C693EE289}.Debug|iPhone.Deploy.0 = Debug|Any CPU
		{8F0F9C23-2211-416A-B69C-9A6C693EE289}.Debug|iPhoneSimulator.ActiveCfg = Debug|Any CPU
		{8F0F9C23-2211-416A-B69C-9A6C693EE289}.Debug|iPhoneSimulator.Build.0 = Debug|Any CPU
		{8F0F9C23-2211-416A-B69C-9A6C693EE289}.Debug|iPhoneSimulator.Deploy.0 = Debug|Any CPU
		{8F0F9C23-2211-416A-B69C-9A6C693EE289}.Debug|x64.ActiveCfg = Debug|Any CPU
		{8F0F9C23-2211-416A-B69C-9A6C693EE289}.Debug|x64.Build.0 = Debug|Any CPU
		{8F0F9C23-2211-416A-B69C-9A6C693EE289}.Debug|x64.Deploy.0 = Debug|Any CPU
		{8F0F9C23-2211-416A-B69C-9A6C693EE289}.Debug|x86.ActiveCfg = Debug|Any CPU
		{8F0F9C23-2211-416A-B69C-9A6C693EE289}.Debug|x86.Build.0 = Debug|Any CPU
		{8F0F9C23-2211-416A-B69C-9A6C693EE289}.Debug|x86.Deploy.0 = Debug|Any CPU
		{8F0F9C23-2211-416A-B69C-9A6C693EE289}.Release|Any CPU.ActiveCfg = Release|Any CPU
		{8F0F9C23-2211-416A-B69C-9A6C693EE289}.Release|Any CPU.Build.0 = Release|Any CPU
		{8F0F9C23-2211-416A-B69C-9A6C693EE289}.Release|Any CPU.Deploy.0 = Release|Any CPU
		{8F0F9C23-2211-416A-B69C-9A6C693EE289}.Release|ARM.ActiveCfg = Release|Any CPU
		{8F0F9C23-2211-416A-B69C-9A6C693EE289}.Release|ARM.Build.0 = Release|Any CPU
		{8F0F9C23-2211-416A-B69C-9A6C693EE289}.Release|ARM.Deploy.0 = Release|Any CPU
		{8F0F9C23-2211-416A-B69C-9A6C693EE289}.Release|ARM64.ActiveCfg = Release|Any CPU
		{8F0F9C23-2211-416A-B69C-9A6C693EE289}.Release|ARM64.Build.0 = Release|Any CPU
		{8F0F9C23-2211-416A-B69C-9A6C693EE289}.Release|ARM64.Deploy.0 = Release|Any CPU
		{8F0F9C23-2211-416A-B69C-9A6C693EE289}.Release|iPhone.ActiveCfg = Release|Any CPU
		{8F0F9C23-2211-416A-B69C-9A6C693EE289}.Release|iPhone.Build.0 = Release|Any CPU
		{8F0F9C23-2211-416A-B69C-9A6C693EE289}.Release|iPhone.Deploy.0 = Release|Any CPU
		{8F0F9C23-2211-416A-B69C-9A6C693EE289}.Release|iPhoneSimulator.ActiveCfg = Release|Any CPU
		{8F0F9C23-2211-416A-B69C-9A6C693EE289}.Release|iPhoneSimulator.Build.0 = Release|Any CPU
		{8F0F9C23-2211-416A-B69C-9A6C693EE289}.Release|iPhoneSimulator.Deploy.0 = Release|Any CPU
		{8F0F9C23-2211-416A-B69C-9A6C693EE289}.Release|x64.ActiveCfg = Release|Any CPU
		{8F0F9C23-2211-416A-B69C-9A6C693EE289}.Release|x64.Build.0 = Release|Any CPU
		{8F0F9C23-2211-416A-B69C-9A6C693EE289}.Release|x64.Deploy.0 = Release|Any CPU
		{8F0F9C23-2211-416A-B69C-9A6C693EE289}.Release|x86.ActiveCfg = Release|Any CPU
		{8F0F9C23-2211-416A-B69C-9A6C693EE289}.Release|x86.Build.0 = Release|Any CPU
		{8F0F9C23-2211-416A-B69C-9A6C693EE289}.Release|x86.Deploy.0 = Release|Any CPU
		{1861FAB5-ACDC-434B-9524-4108B7190B0F}.Ad-Hoc|Any CPU.ActiveCfg = Ad-Hoc|iPhoneSimulator
		{1861FAB5-ACDC-434B-9524-4108B7190B0F}.Ad-Hoc|ARM.ActiveCfg = Ad-Hoc|iPhoneSimulator
		{1861FAB5-ACDC-434B-9524-4108B7190B0F}.Ad-Hoc|ARM64.ActiveCfg = Ad-Hoc|iPhoneSimulator
		{1861FAB5-ACDC-434B-9524-4108B7190B0F}.Ad-Hoc|iPhone.ActiveCfg = Ad-Hoc|iPhone
		{1861FAB5-ACDC-434B-9524-4108B7190B0F}.Ad-Hoc|iPhone.Build.0 = Ad-Hoc|iPhone
		{1861FAB5-ACDC-434B-9524-4108B7190B0F}.Ad-Hoc|iPhoneSimulator.ActiveCfg = Ad-Hoc|iPhoneSimulator
		{1861FAB5-ACDC-434B-9524-4108B7190B0F}.Ad-Hoc|iPhoneSimulator.Build.0 = Ad-Hoc|iPhoneSimulator
		{1861FAB5-ACDC-434B-9524-4108B7190B0F}.Ad-Hoc|x64.ActiveCfg = Ad-Hoc|iPhoneSimulator
		{1861FAB5-ACDC-434B-9524-4108B7190B0F}.Ad-Hoc|x86.ActiveCfg = Ad-Hoc|iPhoneSimulator
		{1861FAB5-ACDC-434B-9524-4108B7190B0F}.AppStore|Any CPU.ActiveCfg = AppStore|iPhoneSimulator
		{1861FAB5-ACDC-434B-9524-4108B7190B0F}.AppStore|ARM.ActiveCfg = AppStore|iPhoneSimulator
		{1861FAB5-ACDC-434B-9524-4108B7190B0F}.AppStore|ARM64.ActiveCfg = AppStore|iPhoneSimulator
		{1861FAB5-ACDC-434B-9524-4108B7190B0F}.AppStore|iPhone.ActiveCfg = AppStore|iPhone
		{1861FAB5-ACDC-434B-9524-4108B7190B0F}.AppStore|iPhone.Build.0 = AppStore|iPhone
		{1861FAB5-ACDC-434B-9524-4108B7190B0F}.AppStore|iPhoneSimulator.ActiveCfg = AppStore|iPhoneSimulator
		{1861FAB5-ACDC-434B-9524-4108B7190B0F}.AppStore|iPhoneSimulator.Build.0 = AppStore|iPhoneSimulator
		{1861FAB5-ACDC-434B-9524-4108B7190B0F}.AppStore|x64.ActiveCfg = AppStore|iPhoneSimulator
		{1861FAB5-ACDC-434B-9524-4108B7190B0F}.AppStore|x86.ActiveCfg = AppStore|iPhoneSimulator
		{1861FAB5-ACDC-434B-9524-4108B7190B0F}.Debug|Any CPU.ActiveCfg = Debug|iPhoneSimulator
		{1861FAB5-ACDC-434B-9524-4108B7190B0F}.Debug|ARM.ActiveCfg = Debug|iPhoneSimulator
		{1861FAB5-ACDC-434B-9524-4108B7190B0F}.Debug|ARM64.ActiveCfg = Debug|iPhoneSimulator
		{1861FAB5-ACDC-434B-9524-4108B7190B0F}.Debug|iPhone.ActiveCfg = Debug|iPhone
		{1861FAB5-ACDC-434B-9524-4108B7190B0F}.Debug|iPhone.Build.0 = Debug|iPhone
		{1861FAB5-ACDC-434B-9524-4108B7190B0F}.Debug|iPhoneSimulator.ActiveCfg = Debug|iPhoneSimulator
		{1861FAB5-ACDC-434B-9524-4108B7190B0F}.Debug|iPhoneSimulator.Build.0 = Debug|iPhoneSimulator
		{1861FAB5-ACDC-434B-9524-4108B7190B0F}.Debug|x64.ActiveCfg = Debug|iPhoneSimulator
		{1861FAB5-ACDC-434B-9524-4108B7190B0F}.Debug|x86.ActiveCfg = Debug|iPhoneSimulator
		{1861FAB5-ACDC-434B-9524-4108B7190B0F}.Release|Any CPU.ActiveCfg = Release|iPhoneSimulator
		{1861FAB5-ACDC-434B-9524-4108B7190B0F}.Release|ARM.ActiveCfg = Release|iPhoneSimulator
		{1861FAB5-ACDC-434B-9524-4108B7190B0F}.Release|ARM64.ActiveCfg = Release|iPhoneSimulator
		{1861FAB5-ACDC-434B-9524-4108B7190B0F}.Release|iPhone.ActiveCfg = Release|iPhone
		{1861FAB5-ACDC-434B-9524-4108B7190B0F}.Release|iPhone.Build.0 = Release|iPhone
		{1861FAB5-ACDC-434B-9524-4108B7190B0F}.Release|iPhoneSimulator.ActiveCfg = Release|iPhoneSimulator
		{1861FAB5-ACDC-434B-9524-4108B7190B0F}.Release|iPhoneSimulator.Build.0 = Release|iPhoneSimulator
		{1861FAB5-ACDC-434B-9524-4108B7190B0F}.Release|x64.ActiveCfg = Release|iPhoneSimulator
		{1861FAB5-ACDC-434B-9524-4108B7190B0F}.Release|x86.ActiveCfg = Release|iPhoneSimulator
		{0A6B5204-CB1F-48A4-87DD-63F7D14E2558}.Ad-Hoc|Any CPU.ActiveCfg = Debug|x86
		{0A6B5204-CB1F-48A4-87DD-63F7D14E2558}.Ad-Hoc|Any CPU.Build.0 = Debug|x86
		{0A6B5204-CB1F-48A4-87DD-63F7D14E2558}.Ad-Hoc|Any CPU.Deploy.0 = Debug|x86
		{0A6B5204-CB1F-48A4-87DD-63F7D14E2558}.Ad-Hoc|ARM.ActiveCfg = Debug|ARM
		{0A6B5204-CB1F-48A4-87DD-63F7D14E2558}.Ad-Hoc|ARM.Build.0 = Debug|ARM
		{0A6B5204-CB1F-48A4-87DD-63F7D14E2558}.Ad-Hoc|ARM.Deploy.0 = Debug|ARM
		{0A6B5204-CB1F-48A4-87DD-63F7D14E2558}.Ad-Hoc|ARM64.ActiveCfg = Debug|ARM64
		{0A6B5204-CB1F-48A4-87DD-63F7D14E2558}.Ad-Hoc|ARM64.Build.0 = Debug|ARM64
		{0A6B5204-CB1F-48A4-87DD-63F7D14E2558}.Ad-Hoc|ARM64.Deploy.0 = Debug|ARM64
		{0A6B5204-CB1F-48A4-87DD-63F7D14E2558}.Ad-Hoc|iPhone.ActiveCfg = Debug|x86
		{0A6B5204-CB1F-48A4-87DD-63F7D14E2558}.Ad-Hoc|iPhone.Build.0 = Debug|x86
		{0A6B5204-CB1F-48A4-87DD-63F7D14E2558}.Ad-Hoc|iPhone.Deploy.0 = Debug|x86
		{0A6B5204-CB1F-48A4-87DD-63F7D14E2558}.Ad-Hoc|iPhoneSimulator.ActiveCfg = Debug|x86
		{0A6B5204-CB1F-48A4-87DD-63F7D14E2558}.Ad-Hoc|iPhoneSimulator.Build.0 = Debug|x86
		{0A6B5204-CB1F-48A4-87DD-63F7D14E2558}.Ad-Hoc|iPhoneSimulator.Deploy.0 = Debug|x86
		{0A6B5204-CB1F-48A4-87DD-63F7D14E2558}.Ad-Hoc|x64.ActiveCfg = Debug|x64
		{0A6B5204-CB1F-48A4-87DD-63F7D14E2558}.Ad-Hoc|x64.Build.0 = Debug|x64
		{0A6B5204-CB1F-48A4-87DD-63F7D14E2558}.Ad-Hoc|x64.Deploy.0 = Debug|x64
		{0A6B5204-CB1F-48A4-87DD-63F7D14E2558}.Ad-Hoc|x86.ActiveCfg = Debug|x86
		{0A6B5204-CB1F-48A4-87DD-63F7D14E2558}.Ad-Hoc|x86.Build.0 = Debug|x86
		{0A6B5204-CB1F-48A4-87DD-63F7D14E2558}.Ad-Hoc|x86.Deploy.0 = Debug|x86
		{0A6B5204-CB1F-48A4-87DD-63F7D14E2558}.AppStore|Any CPU.ActiveCfg = Debug|x86
		{0A6B5204-CB1F-48A4-87DD-63F7D14E2558}.AppStore|Any CPU.Build.0 = Debug|x86
		{0A6B5204-CB1F-48A4-87DD-63F7D14E2558}.AppStore|Any CPU.Deploy.0 = Debug|x86
		{0A6B5204-CB1F-48A4-87DD-63F7D14E2558}.AppStore|ARM.ActiveCfg = Debug|ARM
		{0A6B5204-CB1F-48A4-87DD-63F7D14E2558}.AppStore|ARM.Build.0 = Debug|ARM
		{0A6B5204-CB1F-48A4-87DD-63F7D14E2558}.AppStore|ARM.Deploy.0 = Debug|ARM
		{0A6B5204-CB1F-48A4-87DD-63F7D14E2558}.AppStore|ARM64.ActiveCfg = Debug|ARM64
		{0A6B5204-CB1F-48A4-87DD-63F7D14E2558}.AppStore|ARM64.Build.0 = Debug|ARM64
		{0A6B5204-CB1F-48A4-87DD-63F7D14E2558}.AppStore|ARM64.Deploy.0 = Debug|ARM64
		{0A6B5204-CB1F-48A4-87DD-63F7D14E2558}.AppStore|iPhone.ActiveCfg = Debug|x86
		{0A6B5204-CB1F-48A4-87DD-63F7D14E2558}.AppStore|iPhone.Build.0 = Debug|x86
		{0A6B5204-CB1F-48A4-87DD-63F7D14E2558}.AppStore|iPhone.Deploy.0 = Debug|x86
		{0A6B5204-CB1F-48A4-87DD-63F7D14E2558}.AppStore|iPhoneSimulator.ActiveCfg = Debug|x86
		{0A6B5204-CB1F-48A4-87DD-63F7D14E2558}.AppStore|iPhoneSimulator.Build.0 = Debug|x86
		{0A6B5204-CB1F-48A4-87DD-63F7D14E2558}.AppStore|iPhoneSimulator.Deploy.0 = Debug|x86
		{0A6B5204-CB1F-48A4-87DD-63F7D14E2558}.AppStore|x64.ActiveCfg = Debug|x64
		{0A6B5204-CB1F-48A4-87DD-63F7D14E2558}.AppStore|x64.Build.0 = Debug|x64
		{0A6B5204-CB1F-48A4-87DD-63F7D14E2558}.AppStore|x64.Deploy.0 = Debug|x64
		{0A6B5204-CB1F-48A4-87DD-63F7D14E2558}.AppStore|x86.ActiveCfg = Debug|x86
		{0A6B5204-CB1F-48A4-87DD-63F7D14E2558}.AppStore|x86.Build.0 = Debug|x86
		{0A6B5204-CB1F-48A4-87DD-63F7D14E2558}.AppStore|x86.Deploy.0 = Debug|x86
		{0A6B5204-CB1F-48A4-87DD-63F7D14E2558}.Debug|Any CPU.ActiveCfg = Debug|x86
		{0A6B5204-CB1F-48A4-87DD-63F7D14E2558}.Debug|ARM.ActiveCfg = Debug|ARM
		{0A6B5204-CB1F-48A4-87DD-63F7D14E2558}.Debug|ARM.Build.0 = Debug|ARM
		{0A6B5204-CB1F-48A4-87DD-63F7D14E2558}.Debug|ARM.Deploy.0 = Debug|ARM
		{0A6B5204-CB1F-48A4-87DD-63F7D14E2558}.Debug|ARM64.ActiveCfg = Debug|ARM64
		{0A6B5204-CB1F-48A4-87DD-63F7D14E2558}.Debug|ARM64.Build.0 = Debug|ARM64
		{0A6B5204-CB1F-48A4-87DD-63F7D14E2558}.Debug|ARM64.Deploy.0 = Debug|ARM64
		{0A6B5204-CB1F-48A4-87DD-63F7D14E2558}.Debug|iPhone.ActiveCfg = Debug|x86
		{0A6B5204-CB1F-48A4-87DD-63F7D14E2558}.Debug|iPhoneSimulator.ActiveCfg = Debug|x86
		{0A6B5204-CB1F-48A4-87DD-63F7D14E2558}.Debug|x64.ActiveCfg = Debug|x64
		{0A6B5204-CB1F-48A4-87DD-63F7D14E2558}.Debug|x64.Build.0 = Debug|x64
		{0A6B5204-CB1F-48A4-87DD-63F7D14E2558}.Debug|x64.Deploy.0 = Debug|x64
		{0A6B5204-CB1F-48A4-87DD-63F7D14E2558}.Debug|x86.ActiveCfg = Debug|x86
		{0A6B5204-CB1F-48A4-87DD-63F7D14E2558}.Debug|x86.Build.0 = Debug|x86
		{0A6B5204-CB1F-48A4-87DD-63F7D14E2558}.Debug|x86.Deploy.0 = Debug|x86
		{0A6B5204-CB1F-48A4-87DD-63F7D14E2558}.Release|Any CPU.ActiveCfg = Release|x86
		{0A6B5204-CB1F-48A4-87DD-63F7D14E2558}.Release|ARM.ActiveCfg = Release|ARM
		{0A6B5204-CB1F-48A4-87DD-63F7D14E2558}.Release|ARM.Build.0 = Release|ARM
		{0A6B5204-CB1F-48A4-87DD-63F7D14E2558}.Release|ARM.Deploy.0 = Release|ARM
		{0A6B5204-CB1F-48A4-87DD-63F7D14E2558}.Release|ARM64.ActiveCfg = Release|ARM64
		{0A6B5204-CB1F-48A4-87DD-63F7D14E2558}.Release|ARM64.Build.0 = Release|ARM64
		{0A6B5204-CB1F-48A4-87DD-63F7D14E2558}.Release|ARM64.Deploy.0 = Release|ARM64
		{0A6B5204-CB1F-48A4-87DD-63F7D14E2558}.Release|iPhone.ActiveCfg = Release|x86
		{0A6B5204-CB1F-48A4-87DD-63F7D14E2558}.Release|iPhoneSimulator.ActiveCfg = Release|x86
		{0A6B5204-CB1F-48A4-87DD-63F7D14E2558}.Release|x64.ActiveCfg = Release|x64
		{0A6B5204-CB1F-48A4-87DD-63F7D14E2558}.Release|x64.Build.0 = Release|x64
		{0A6B5204-CB1F-48A4-87DD-63F7D14E2558}.Release|x64.Deploy.0 = Release|x64
		{0A6B5204-CB1F-48A4-87DD-63F7D14E2558}.Release|x86.ActiveCfg = Release|x86
		{0A6B5204-CB1F-48A4-87DD-63F7D14E2558}.Release|x86.Build.0 = Release|x86
		{0A6B5204-CB1F-48A4-87DD-63F7D14E2558}.Release|x86.Deploy.0 = Release|x86
		{092792D1-33A0-4E1C-982C-BEF98A9B1336}.Ad-Hoc|Any CPU.ActiveCfg = Debug|Any CPU
		{092792D1-33A0-4E1C-982C-BEF98A9B1336}.Ad-Hoc|Any CPU.Build.0 = Debug|Any CPU
		{092792D1-33A0-4E1C-982C-BEF98A9B1336}.Ad-Hoc|ARM.ActiveCfg = Debug|Any CPU
		{092792D1-33A0-4E1C-982C-BEF98A9B1336}.Ad-Hoc|ARM.Build.0 = Debug|Any CPU
		{092792D1-33A0-4E1C-982C-BEF98A9B1336}.Ad-Hoc|ARM64.ActiveCfg = Debug|Any CPU
		{092792D1-33A0-4E1C-982C-BEF98A9B1336}.Ad-Hoc|ARM64.Build.0 = Debug|Any CPU
		{092792D1-33A0-4E1C-982C-BEF98A9B1336}.Ad-Hoc|iPhone.ActiveCfg = Debug|Any CPU
		{092792D1-33A0-4E1C-982C-BEF98A9B1336}.Ad-Hoc|iPhone.Build.0 = Debug|Any CPU
		{092792D1-33A0-4E1C-982C-BEF98A9B1336}.Ad-Hoc|iPhoneSimulator.ActiveCfg = Debug|Any CPU
		{092792D1-33A0-4E1C-982C-BEF98A9B1336}.Ad-Hoc|iPhoneSimulator.Build.0 = Debug|Any CPU
		{092792D1-33A0-4E1C-982C-BEF98A9B1336}.Ad-Hoc|x64.ActiveCfg = Debug|Any CPU
		{092792D1-33A0-4E1C-982C-BEF98A9B1336}.Ad-Hoc|x64.Build.0 = Debug|Any CPU
		{092792D1-33A0-4E1C-982C-BEF98A9B1336}.Ad-Hoc|x86.ActiveCfg = Debug|Any CPU
		{092792D1-33A0-4E1C-982C-BEF98A9B1336}.Ad-Hoc|x86.Build.0 = Debug|Any CPU
		{092792D1-33A0-4E1C-982C-BEF98A9B1336}.AppStore|Any CPU.ActiveCfg = Debug|Any CPU
		{092792D1-33A0-4E1C-982C-BEF98A9B1336}.AppStore|Any CPU.Build.0 = Debug|Any CPU
		{092792D1-33A0-4E1C-982C-BEF98A9B1336}.AppStore|ARM.ActiveCfg = Debug|Any CPU
		{092792D1-33A0-4E1C-982C-BEF98A9B1336}.AppStore|ARM.Build.0 = Debug|Any CPU
		{092792D1-33A0-4E1C-982C-BEF98A9B1336}.AppStore|ARM64.ActiveCfg = Debug|Any CPU
		{092792D1-33A0-4E1C-982C-BEF98A9B1336}.AppStore|ARM64.Build.0 = Debug|Any CPU
		{092792D1-33A0-4E1C-982C-BEF98A9B1336}.AppStore|iPhone.ActiveCfg = Debug|Any CPU
		{092792D1-33A0-4E1C-982C-BEF98A9B1336}.AppStore|iPhone.Build.0 = Debug|Any CPU
		{092792D1-33A0-4E1C-982C-BEF98A9B1336}.AppStore|iPhoneSimulator.ActiveCfg = Debug|Any CPU
		{092792D1-33A0-4E1C-982C-BEF98A9B1336}.AppStore|iPhoneSimulator.Build.0 = Debug|Any CPU
		{092792D1-33A0-4E1C-982C-BEF98A9B1336}.AppStore|x64.ActiveCfg = Debug|Any CPU
		{092792D1-33A0-4E1C-982C-BEF98A9B1336}.AppStore|x64.Build.0 = Debug|Any CPU
		{092792D1-33A0-4E1C-982C-BEF98A9B1336}.AppStore|x86.ActiveCfg = Debug|Any CPU
		{092792D1-33A0-4E1C-982C-BEF98A9B1336}.AppStore|x86.Build.0 = Debug|Any CPU
		{092792D1-33A0-4E1C-982C-BEF98A9B1336}.Debug|Any CPU.ActiveCfg = Debug|Any CPU
		{092792D1-33A0-4E1C-982C-BEF98A9B1336}.Debug|Any CPU.Build.0 = Debug|Any CPU
		{092792D1-33A0-4E1C-982C-BEF98A9B1336}.Debug|ARM.ActiveCfg = Debug|Any CPU
		{092792D1-33A0-4E1C-982C-BEF98A9B1336}.Debug|ARM.Build.0 = Debug|Any CPU
		{092792D1-33A0-4E1C-982C-BEF98A9B1336}.Debug|ARM64.ActiveCfg = Debug|Any CPU
		{092792D1-33A0-4E1C-982C-BEF98A9B1336}.Debug|ARM64.Build.0 = Debug|Any CPU
		{092792D1-33A0-4E1C-982C-BEF98A9B1336}.Debug|iPhone.ActiveCfg = Debug|Any CPU
		{092792D1-33A0-4E1C-982C-BEF98A9B1336}.Debug|iPhone.Build.0 = Debug|Any CPU
		{092792D1-33A0-4E1C-982C-BEF98A9B1336}.Debug|iPhoneSimulator.ActiveCfg = Debug|Any CPU
		{092792D1-33A0-4E1C-982C-BEF98A9B1336}.Debug|iPhoneSimulator.Build.0 = Debug|Any CPU
		{092792D1-33A0-4E1C-982C-BEF98A9B1336}.Debug|x64.ActiveCfg = Debug|Any CPU
		{092792D1-33A0-4E1C-982C-BEF98A9B1336}.Debug|x64.Build.0 = Debug|Any CPU
		{092792D1-33A0-4E1C-982C-BEF98A9B1336}.Debug|x86.ActiveCfg = Debug|Any CPU
		{092792D1-33A0-4E1C-982C-BEF98A9B1336}.Debug|x86.Build.0 = Debug|Any CPU
		{092792D1-33A0-4E1C-982C-BEF98A9B1336}.Release|Any CPU.ActiveCfg = Release|Any CPU
		{092792D1-33A0-4E1C-982C-BEF98A9B1336}.Release|Any CPU.Build.0 = Release|Any CPU
		{092792D1-33A0-4E1C-982C-BEF98A9B1336}.Release|ARM.ActiveCfg = Release|Any CPU
		{092792D1-33A0-4E1C-982C-BEF98A9B1336}.Release|ARM.Build.0 = Release|Any CPU
		{092792D1-33A0-4E1C-982C-BEF98A9B1336}.Release|ARM64.ActiveCfg = Release|Any CPU
		{092792D1-33A0-4E1C-982C-BEF98A9B1336}.Release|ARM64.Build.0 = Release|Any CPU
		{092792D1-33A0-4E1C-982C-BEF98A9B1336}.Release|iPhone.ActiveCfg = Release|Any CPU
		{092792D1-33A0-4E1C-982C-BEF98A9B1336}.Release|iPhone.Build.0 = Release|Any CPU
		{092792D1-33A0-4E1C-982C-BEF98A9B1336}.Release|iPhoneSimulator.ActiveCfg = Release|Any CPU
		{092792D1-33A0-4E1C-982C-BEF98A9B1336}.Release|iPhoneSimulator.Build.0 = Release|Any CPU
		{092792D1-33A0-4E1C-982C-BEF98A9B1336}.Release|x64.ActiveCfg = Release|Any CPU
		{092792D1-33A0-4E1C-982C-BEF98A9B1336}.Release|x64.Build.0 = Release|Any CPU
		{092792D1-33A0-4E1C-982C-BEF98A9B1336}.Release|x86.ActiveCfg = Release|Any CPU
		{092792D1-33A0-4E1C-982C-BEF98A9B1336}.Release|x86.Build.0 = Release|Any CPU
		{F3A29B3A-622F-41A7-AF87-3260F049A83F}.Ad-Hoc|Any CPU.ActiveCfg = Debug|iPhoneSimulator
		{F3A29B3A-622F-41A7-AF87-3260F049A83F}.Ad-Hoc|Any CPU.Build.0 = Debug|iPhoneSimulator
		{F3A29B3A-622F-41A7-AF87-3260F049A83F}.Ad-Hoc|ARM.ActiveCfg = Debug|iPhoneSimulator
		{F3A29B3A-622F-41A7-AF87-3260F049A83F}.Ad-Hoc|ARM.Build.0 = Debug|iPhoneSimulator
		{F3A29B3A-622F-41A7-AF87-3260F049A83F}.Ad-Hoc|ARM64.ActiveCfg = Debug|iPhoneSimulator
		{F3A29B3A-622F-41A7-AF87-3260F049A83F}.Ad-Hoc|ARM64.Build.0 = Debug|iPhoneSimulator
		{F3A29B3A-622F-41A7-AF87-3260F049A83F}.Ad-Hoc|iPhone.ActiveCfg = Debug|iPhoneSimulator
		{F3A29B3A-622F-41A7-AF87-3260F049A83F}.Ad-Hoc|iPhone.Build.0 = Debug|iPhoneSimulator
		{F3A29B3A-622F-41A7-AF87-3260F049A83F}.Ad-Hoc|iPhoneSimulator.ActiveCfg = Debug|iPhoneSimulator
		{F3A29B3A-622F-41A7-AF87-3260F049A83F}.Ad-Hoc|iPhoneSimulator.Build.0 = Debug|iPhoneSimulator
		{F3A29B3A-622F-41A7-AF87-3260F049A83F}.Ad-Hoc|x64.ActiveCfg = Debug|iPhoneSimulator
		{F3A29B3A-622F-41A7-AF87-3260F049A83F}.Ad-Hoc|x64.Build.0 = Debug|iPhoneSimulator
		{F3A29B3A-622F-41A7-AF87-3260F049A83F}.Ad-Hoc|x86.ActiveCfg = Debug|iPhoneSimulator
		{F3A29B3A-622F-41A7-AF87-3260F049A83F}.Ad-Hoc|x86.Build.0 = Debug|iPhoneSimulator
		{F3A29B3A-622F-41A7-AF87-3260F049A83F}.AppStore|Any CPU.ActiveCfg = Debug|iPhoneSimulator
		{F3A29B3A-622F-41A7-AF87-3260F049A83F}.AppStore|Any CPU.Build.0 = Debug|iPhoneSimulator
		{F3A29B3A-622F-41A7-AF87-3260F049A83F}.AppStore|ARM.ActiveCfg = Debug|iPhoneSimulator
		{F3A29B3A-622F-41A7-AF87-3260F049A83F}.AppStore|ARM.Build.0 = Debug|iPhoneSimulator
		{F3A29B3A-622F-41A7-AF87-3260F049A83F}.AppStore|ARM64.ActiveCfg = Debug|iPhoneSimulator
		{F3A29B3A-622F-41A7-AF87-3260F049A83F}.AppStore|ARM64.Build.0 = Debug|iPhoneSimulator
		{F3A29B3A-622F-41A7-AF87-3260F049A83F}.AppStore|iPhone.ActiveCfg = Debug|iPhoneSimulator
		{F3A29B3A-622F-41A7-AF87-3260F049A83F}.AppStore|iPhone.Build.0 = Debug|iPhoneSimulator
		{F3A29B3A-622F-41A7-AF87-3260F049A83F}.AppStore|iPhoneSimulator.ActiveCfg = Debug|iPhoneSimulator
		{F3A29B3A-622F-41A7-AF87-3260F049A83F}.AppStore|iPhoneSimulator.Build.0 = Debug|iPhoneSimulator
		{F3A29B3A-622F-41A7-AF87-3260F049A83F}.AppStore|x64.ActiveCfg = Debug|iPhoneSimulator
		{F3A29B3A-622F-41A7-AF87-3260F049A83F}.AppStore|x64.Build.0 = Debug|iPhoneSimulator
		{F3A29B3A-622F-41A7-AF87-3260F049A83F}.AppStore|x86.ActiveCfg = Debug|iPhoneSimulator
		{F3A29B3A-622F-41A7-AF87-3260F049A83F}.AppStore|x86.Build.0 = Debug|iPhoneSimulator
		{F3A29B3A-622F-41A7-AF87-3260F049A83F}.Debug|Any CPU.ActiveCfg = Debug|iPhoneSimulator
		{F3A29B3A-622F-41A7-AF87-3260F049A83F}.Debug|ARM.ActiveCfg = Debug|iPhoneSimulator
		{F3A29B3A-622F-41A7-AF87-3260F049A83F}.Debug|ARM64.ActiveCfg = Debug|iPhoneSimulator
		{F3A29B3A-622F-41A7-AF87-3260F049A83F}.Debug|iPhone.ActiveCfg = Debug|iPhoneSimulator
		{F3A29B3A-622F-41A7-AF87-3260F049A83F}.Debug|iPhoneSimulator.ActiveCfg = Debug|iPhoneSimulator
		{F3A29B3A-622F-41A7-AF87-3260F049A83F}.Debug|iPhoneSimulator.Build.0 = Debug|iPhoneSimulator
		{F3A29B3A-622F-41A7-AF87-3260F049A83F}.Debug|x64.ActiveCfg = Debug|iPhoneSimulator
		{F3A29B3A-622F-41A7-AF87-3260F049A83F}.Debug|x86.ActiveCfg = Debug|iPhoneSimulator
		{F3A29B3A-622F-41A7-AF87-3260F049A83F}.Release|Any CPU.ActiveCfg = Release|iPhoneSimulator
		{F3A29B3A-622F-41A7-AF87-3260F049A83F}.Release|ARM.ActiveCfg = Release|iPhoneSimulator
		{F3A29B3A-622F-41A7-AF87-3260F049A83F}.Release|ARM64.ActiveCfg = Release|iPhoneSimulator
		{F3A29B3A-622F-41A7-AF87-3260F049A83F}.Release|iPhone.ActiveCfg = Release|iPhoneSimulator
		{F3A29B3A-622F-41A7-AF87-3260F049A83F}.Release|iPhoneSimulator.ActiveCfg = Release|iPhoneSimulator
		{F3A29B3A-622F-41A7-AF87-3260F049A83F}.Release|iPhoneSimulator.Build.0 = Release|iPhoneSimulator
		{F3A29B3A-622F-41A7-AF87-3260F049A83F}.Release|x64.ActiveCfg = Release|iPhoneSimulator
		{F3A29B3A-622F-41A7-AF87-3260F049A83F}.Release|x86.ActiveCfg = Release|iPhoneSimulator
		{245BE66C-712D-4055-9230-BD3D2F049A27}.Ad-Hoc|Any CPU.ActiveCfg = Debug|Any CPU
		{245BE66C-712D-4055-9230-BD3D2F049A27}.Ad-Hoc|Any CPU.Build.0 = Debug|Any CPU
		{245BE66C-712D-4055-9230-BD3D2F049A27}.Ad-Hoc|ARM.ActiveCfg = Debug|Any CPU
		{245BE66C-712D-4055-9230-BD3D2F049A27}.Ad-Hoc|ARM.Build.0 = Debug|Any CPU
		{245BE66C-712D-4055-9230-BD3D2F049A27}.Ad-Hoc|ARM64.ActiveCfg = Debug|Any CPU
		{245BE66C-712D-4055-9230-BD3D2F049A27}.Ad-Hoc|ARM64.Build.0 = Debug|Any CPU
		{245BE66C-712D-4055-9230-BD3D2F049A27}.Ad-Hoc|iPhone.ActiveCfg = Debug|Any CPU
		{245BE66C-712D-4055-9230-BD3D2F049A27}.Ad-Hoc|iPhone.Build.0 = Debug|Any CPU
		{245BE66C-712D-4055-9230-BD3D2F049A27}.Ad-Hoc|iPhoneSimulator.ActiveCfg = Debug|Any CPU
		{245BE66C-712D-4055-9230-BD3D2F049A27}.Ad-Hoc|iPhoneSimulator.Build.0 = Debug|Any CPU
		{245BE66C-712D-4055-9230-BD3D2F049A27}.Ad-Hoc|x64.ActiveCfg = Debug|Any CPU
		{245BE66C-712D-4055-9230-BD3D2F049A27}.Ad-Hoc|x64.Build.0 = Debug|Any CPU
		{245BE66C-712D-4055-9230-BD3D2F049A27}.Ad-Hoc|x86.ActiveCfg = Debug|Any CPU
		{245BE66C-712D-4055-9230-BD3D2F049A27}.Ad-Hoc|x86.Build.0 = Debug|Any CPU
		{245BE66C-712D-4055-9230-BD3D2F049A27}.AppStore|Any CPU.ActiveCfg = Debug|Any CPU
		{245BE66C-712D-4055-9230-BD3D2F049A27}.AppStore|Any CPU.Build.0 = Debug|Any CPU
		{245BE66C-712D-4055-9230-BD3D2F049A27}.AppStore|ARM.ActiveCfg = Debug|Any CPU
		{245BE66C-712D-4055-9230-BD3D2F049A27}.AppStore|ARM.Build.0 = Debug|Any CPU
		{245BE66C-712D-4055-9230-BD3D2F049A27}.AppStore|ARM64.ActiveCfg = Debug|Any CPU
		{245BE66C-712D-4055-9230-BD3D2F049A27}.AppStore|ARM64.Build.0 = Debug|Any CPU
		{245BE66C-712D-4055-9230-BD3D2F049A27}.AppStore|iPhone.ActiveCfg = Debug|Any CPU
		{245BE66C-712D-4055-9230-BD3D2F049A27}.AppStore|iPhone.Build.0 = Debug|Any CPU
		{245BE66C-712D-4055-9230-BD3D2F049A27}.AppStore|iPhoneSimulator.ActiveCfg = Debug|Any CPU
		{245BE66C-712D-4055-9230-BD3D2F049A27}.AppStore|iPhoneSimulator.Build.0 = Debug|Any CPU
		{245BE66C-712D-4055-9230-BD3D2F049A27}.AppStore|x64.ActiveCfg = Debug|Any CPU
		{245BE66C-712D-4055-9230-BD3D2F049A27}.AppStore|x64.Build.0 = Debug|Any CPU
		{245BE66C-712D-4055-9230-BD3D2F049A27}.AppStore|x86.ActiveCfg = Debug|Any CPU
		{245BE66C-712D-4055-9230-BD3D2F049A27}.AppStore|x86.Build.0 = Debug|Any CPU
		{245BE66C-712D-4055-9230-BD3D2F049A27}.Debug|Any CPU.ActiveCfg = Debug|Any CPU
		{245BE66C-712D-4055-9230-BD3D2F049A27}.Debug|Any CPU.Build.0 = Debug|Any CPU
		{245BE66C-712D-4055-9230-BD3D2F049A27}.Debug|ARM.ActiveCfg = Debug|Any CPU
		{245BE66C-712D-4055-9230-BD3D2F049A27}.Debug|ARM.Build.0 = Debug|Any CPU
		{245BE66C-712D-4055-9230-BD3D2F049A27}.Debug|ARM64.ActiveCfg = Debug|Any CPU
		{245BE66C-712D-4055-9230-BD3D2F049A27}.Debug|ARM64.Build.0 = Debug|Any CPU
		{245BE66C-712D-4055-9230-BD3D2F049A27}.Debug|iPhone.ActiveCfg = Debug|Any CPU
		{245BE66C-712D-4055-9230-BD3D2F049A27}.Debug|iPhone.Build.0 = Debug|Any CPU
		{245BE66C-712D-4055-9230-BD3D2F049A27}.Debug|iPhoneSimulator.ActiveCfg = Debug|Any CPU
		{245BE66C-712D-4055-9230-BD3D2F049A27}.Debug|iPhoneSimulator.Build.0 = Debug|Any CPU
		{245BE66C-712D-4055-9230-BD3D2F049A27}.Debug|x64.ActiveCfg = Debug|Any CPU
		{245BE66C-712D-4055-9230-BD3D2F049A27}.Debug|x64.Build.0 = Debug|Any CPU
		{245BE66C-712D-4055-9230-BD3D2F049A27}.Debug|x86.ActiveCfg = Debug|Any CPU
		{245BE66C-712D-4055-9230-BD3D2F049A27}.Debug|x86.Build.0 = Debug|Any CPU
		{245BE66C-712D-4055-9230-BD3D2F049A27}.Release|Any CPU.ActiveCfg = Release|Any CPU
		{245BE66C-712D-4055-9230-BD3D2F049A27}.Release|Any CPU.Build.0 = Release|Any CPU
		{245BE66C-712D-4055-9230-BD3D2F049A27}.Release|ARM.ActiveCfg = Release|Any CPU
		{245BE66C-712D-4055-9230-BD3D2F049A27}.Release|ARM.Build.0 = Release|Any CPU
		{245BE66C-712D-4055-9230-BD3D2F049A27}.Release|ARM64.ActiveCfg = Release|Any CPU
		{245BE66C-712D-4055-9230-BD3D2F049A27}.Release|ARM64.Build.0 = Release|Any CPU
		{245BE66C-712D-4055-9230-BD3D2F049A27}.Release|iPhone.ActiveCfg = Release|Any CPU
		{245BE66C-712D-4055-9230-BD3D2F049A27}.Release|iPhone.Build.0 = Release|Any CPU
		{245BE66C-712D-4055-9230-BD3D2F049A27}.Release|iPhoneSimulator.ActiveCfg = Release|Any CPU
		{245BE66C-712D-4055-9230-BD3D2F049A27}.Release|iPhoneSimulator.Build.0 = Release|Any CPU
		{245BE66C-712D-4055-9230-BD3D2F049A27}.Release|x64.ActiveCfg = Release|Any CPU
		{245BE66C-712D-4055-9230-BD3D2F049A27}.Release|x64.Build.0 = Release|Any CPU
		{245BE66C-712D-4055-9230-BD3D2F049A27}.Release|x86.ActiveCfg = Release|Any CPU
		{245BE66C-712D-4055-9230-BD3D2F049A27}.Release|x86.Build.0 = Release|Any CPU
		{7B16CAF9-38B3-484F-BDB9-A85B925027AE}.Ad-Hoc|Any CPU.ActiveCfg = Debug|Any CPU
		{7B16CAF9-38B3-484F-BDB9-A85B925027AE}.Ad-Hoc|Any CPU.Build.0 = Debug|Any CPU
		{7B16CAF9-38B3-484F-BDB9-A85B925027AE}.Ad-Hoc|ARM.ActiveCfg = Debug|Any CPU
		{7B16CAF9-38B3-484F-BDB9-A85B925027AE}.Ad-Hoc|ARM.Build.0 = Debug|Any CPU
		{7B16CAF9-38B3-484F-BDB9-A85B925027AE}.Ad-Hoc|ARM64.ActiveCfg = Debug|Any CPU
		{7B16CAF9-38B3-484F-BDB9-A85B925027AE}.Ad-Hoc|ARM64.Build.0 = Debug|Any CPU
		{7B16CAF9-38B3-484F-BDB9-A85B925027AE}.Ad-Hoc|iPhone.ActiveCfg = Debug|Any CPU
		{7B16CAF9-38B3-484F-BDB9-A85B925027AE}.Ad-Hoc|iPhone.Build.0 = Debug|Any CPU
		{7B16CAF9-38B3-484F-BDB9-A85B925027AE}.Ad-Hoc|iPhoneSimulator.ActiveCfg = Debug|Any CPU
		{7B16CAF9-38B3-484F-BDB9-A85B925027AE}.Ad-Hoc|iPhoneSimulator.Build.0 = Debug|Any CPU
		{7B16CAF9-38B3-484F-BDB9-A85B925027AE}.Ad-Hoc|x64.ActiveCfg = Debug|Any CPU
		{7B16CAF9-38B3-484F-BDB9-A85B925027AE}.Ad-Hoc|x64.Build.0 = Debug|Any CPU
		{7B16CAF9-38B3-484F-BDB9-A85B925027AE}.Ad-Hoc|x86.ActiveCfg = Debug|Any CPU
		{7B16CAF9-38B3-484F-BDB9-A85B925027AE}.Ad-Hoc|x86.Build.0 = Debug|Any CPU
		{7B16CAF9-38B3-484F-BDB9-A85B925027AE}.AppStore|Any CPU.ActiveCfg = Debug|Any CPU
		{7B16CAF9-38B3-484F-BDB9-A85B925027AE}.AppStore|Any CPU.Build.0 = Debug|Any CPU
		{7B16CAF9-38B3-484F-BDB9-A85B925027AE}.AppStore|ARM.ActiveCfg = Debug|Any CPU
		{7B16CAF9-38B3-484F-BDB9-A85B925027AE}.AppStore|ARM.Build.0 = Debug|Any CPU
		{7B16CAF9-38B3-484F-BDB9-A85B925027AE}.AppStore|ARM64.ActiveCfg = Debug|Any CPU
		{7B16CAF9-38B3-484F-BDB9-A85B925027AE}.AppStore|ARM64.Build.0 = Debug|Any CPU
		{7B16CAF9-38B3-484F-BDB9-A85B925027AE}.AppStore|iPhone.ActiveCfg = Debug|Any CPU
		{7B16CAF9-38B3-484F-BDB9-A85B925027AE}.AppStore|iPhone.Build.0 = Debug|Any CPU
		{7B16CAF9-38B3-484F-BDB9-A85B925027AE}.AppStore|iPhoneSimulator.ActiveCfg = Debug|Any CPU
		{7B16CAF9-38B3-484F-BDB9-A85B925027AE}.AppStore|iPhoneSimulator.Build.0 = Debug|Any CPU
		{7B16CAF9-38B3-484F-BDB9-A85B925027AE}.AppStore|x64.ActiveCfg = Debug|Any CPU
		{7B16CAF9-38B3-484F-BDB9-A85B925027AE}.AppStore|x64.Build.0 = Debug|Any CPU
		{7B16CAF9-38B3-484F-BDB9-A85B925027AE}.AppStore|x86.ActiveCfg = Debug|Any CPU
		{7B16CAF9-38B3-484F-BDB9-A85B925027AE}.AppStore|x86.Build.0 = Debug|Any CPU
		{7B16CAF9-38B3-484F-BDB9-A85B925027AE}.Debug|Any CPU.ActiveCfg = Debug|Any CPU
		{7B16CAF9-38B3-484F-BDB9-A85B925027AE}.Debug|Any CPU.Build.0 = Debug|Any CPU
		{7B16CAF9-38B3-484F-BDB9-A85B925027AE}.Debug|ARM.ActiveCfg = Debug|Any CPU
		{7B16CAF9-38B3-484F-BDB9-A85B925027AE}.Debug|ARM.Build.0 = Debug|Any CPU
		{7B16CAF9-38B3-484F-BDB9-A85B925027AE}.Debug|ARM64.ActiveCfg = Debug|Any CPU
		{7B16CAF9-38B3-484F-BDB9-A85B925027AE}.Debug|ARM64.Build.0 = Debug|Any CPU
		{7B16CAF9-38B3-484F-BDB9-A85B925027AE}.Debug|iPhone.ActiveCfg = Debug|Any CPU
		{7B16CAF9-38B3-484F-BDB9-A85B925027AE}.Debug|iPhone.Build.0 = Debug|Any CPU
		{7B16CAF9-38B3-484F-BDB9-A85B925027AE}.Debug|iPhoneSimulator.ActiveCfg = Debug|Any CPU
		{7B16CAF9-38B3-484F-BDB9-A85B925027AE}.Debug|iPhoneSimulator.Build.0 = Debug|Any CPU
		{7B16CAF9-38B3-484F-BDB9-A85B925027AE}.Debug|x64.ActiveCfg = Debug|Any CPU
		{7B16CAF9-38B3-484F-BDB9-A85B925027AE}.Debug|x64.Build.0 = Debug|Any CPU
		{7B16CAF9-38B3-484F-BDB9-A85B925027AE}.Debug|x86.ActiveCfg = Debug|Any CPU
		{7B16CAF9-38B3-484F-BDB9-A85B925027AE}.Debug|x86.Build.0 = Debug|Any CPU
		{7B16CAF9-38B3-484F-BDB9-A85B925027AE}.Release|Any CPU.ActiveCfg = Release|Any CPU
		{7B16CAF9-38B3-484F-BDB9-A85B925027AE}.Release|Any CPU.Build.0 = Release|Any CPU
		{7B16CAF9-38B3-484F-BDB9-A85B925027AE}.Release|ARM.ActiveCfg = Release|Any CPU
		{7B16CAF9-38B3-484F-BDB9-A85B925027AE}.Release|ARM.Build.0 = Release|Any CPU
		{7B16CAF9-38B3-484F-BDB9-A85B925027AE}.Release|ARM64.ActiveCfg = Release|Any CPU
		{7B16CAF9-38B3-484F-BDB9-A85B925027AE}.Release|ARM64.Build.0 = Release|Any CPU
		{7B16CAF9-38B3-484F-BDB9-A85B925027AE}.Release|iPhone.ActiveCfg = Release|Any CPU
		{7B16CAF9-38B3-484F-BDB9-A85B925027AE}.Release|iPhone.Build.0 = Release|Any CPU
		{7B16CAF9-38B3-484F-BDB9-A85B925027AE}.Release|iPhoneSimulator.ActiveCfg = Release|Any CPU
		{7B16CAF9-38B3-484F-BDB9-A85B925027AE}.Release|iPhoneSimulator.Build.0 = Release|Any CPU
		{7B16CAF9-38B3-484F-BDB9-A85B925027AE}.Release|x64.ActiveCfg = Release|Any CPU
		{7B16CAF9-38B3-484F-BDB9-A85B925027AE}.Release|x64.Build.0 = Release|Any CPU
		{7B16CAF9-38B3-484F-BDB9-A85B925027AE}.Release|x86.ActiveCfg = Release|Any CPU
		{7B16CAF9-38B3-484F-BDB9-A85B925027AE}.Release|x86.Build.0 = Release|Any CPU
		{C5598C9A-42B3-4242-BDEA-017E9801ED4D}.Ad-Hoc|Any CPU.ActiveCfg = Debug|Any CPU
		{C5598C9A-42B3-4242-BDEA-017E9801ED4D}.Ad-Hoc|Any CPU.Build.0 = Debug|Any CPU
		{C5598C9A-42B3-4242-BDEA-017E9801ED4D}.Ad-Hoc|ARM.ActiveCfg = Debug|Any CPU
		{C5598C9A-42B3-4242-BDEA-017E9801ED4D}.Ad-Hoc|ARM.Build.0 = Debug|Any CPU
		{C5598C9A-42B3-4242-BDEA-017E9801ED4D}.Ad-Hoc|ARM64.ActiveCfg = Debug|Any CPU
		{C5598C9A-42B3-4242-BDEA-017E9801ED4D}.Ad-Hoc|ARM64.Build.0 = Debug|Any CPU
		{C5598C9A-42B3-4242-BDEA-017E9801ED4D}.Ad-Hoc|iPhone.ActiveCfg = Debug|Any CPU
		{C5598C9A-42B3-4242-BDEA-017E9801ED4D}.Ad-Hoc|iPhone.Build.0 = Debug|Any CPU
		{C5598C9A-42B3-4242-BDEA-017E9801ED4D}.Ad-Hoc|iPhoneSimulator.ActiveCfg = Debug|Any CPU
		{C5598C9A-42B3-4242-BDEA-017E9801ED4D}.Ad-Hoc|iPhoneSimulator.Build.0 = Debug|Any CPU
		{C5598C9A-42B3-4242-BDEA-017E9801ED4D}.Ad-Hoc|x64.ActiveCfg = Debug|Any CPU
		{C5598C9A-42B3-4242-BDEA-017E9801ED4D}.Ad-Hoc|x64.Build.0 = Debug|Any CPU
		{C5598C9A-42B3-4242-BDEA-017E9801ED4D}.Ad-Hoc|x86.ActiveCfg = Debug|Any CPU
		{C5598C9A-42B3-4242-BDEA-017E9801ED4D}.Ad-Hoc|x86.Build.0 = Debug|Any CPU
		{C5598C9A-42B3-4242-BDEA-017E9801ED4D}.AppStore|Any CPU.ActiveCfg = Debug|Any CPU
		{C5598C9A-42B3-4242-BDEA-017E9801ED4D}.AppStore|Any CPU.Build.0 = Debug|Any CPU
		{C5598C9A-42B3-4242-BDEA-017E9801ED4D}.AppStore|ARM.ActiveCfg = Debug|Any CPU
		{C5598C9A-42B3-4242-BDEA-017E9801ED4D}.AppStore|ARM.Build.0 = Debug|Any CPU
		{C5598C9A-42B3-4242-BDEA-017E9801ED4D}.AppStore|ARM64.ActiveCfg = Debug|Any CPU
		{C5598C9A-42B3-4242-BDEA-017E9801ED4D}.AppStore|ARM64.Build.0 = Debug|Any CPU
		{C5598C9A-42B3-4242-BDEA-017E9801ED4D}.AppStore|iPhone.ActiveCfg = Debug|Any CPU
		{C5598C9A-42B3-4242-BDEA-017E9801ED4D}.AppStore|iPhone.Build.0 = Debug|Any CPU
		{C5598C9A-42B3-4242-BDEA-017E9801ED4D}.AppStore|iPhoneSimulator.ActiveCfg = Debug|Any CPU
		{C5598C9A-42B3-4242-BDEA-017E9801ED4D}.AppStore|iPhoneSimulator.Build.0 = Debug|Any CPU
		{C5598C9A-42B3-4242-BDEA-017E9801ED4D}.AppStore|x64.ActiveCfg = Debug|Any CPU
		{C5598C9A-42B3-4242-BDEA-017E9801ED4D}.AppStore|x64.Build.0 = Debug|Any CPU
		{C5598C9A-42B3-4242-BDEA-017E9801ED4D}.AppStore|x86.ActiveCfg = Debug|Any CPU
		{C5598C9A-42B3-4242-BDEA-017E9801ED4D}.AppStore|x86.Build.0 = Debug|Any CPU
		{C5598C9A-42B3-4242-BDEA-017E9801ED4D}.Debug|Any CPU.ActiveCfg = Debug|Any CPU
		{C5598C9A-42B3-4242-BDEA-017E9801ED4D}.Debug|Any CPU.Build.0 = Debug|Any CPU
		{C5598C9A-42B3-4242-BDEA-017E9801ED4D}.Debug|ARM.ActiveCfg = Debug|Any CPU
		{C5598C9A-42B3-4242-BDEA-017E9801ED4D}.Debug|ARM.Build.0 = Debug|Any CPU
		{C5598C9A-42B3-4242-BDEA-017E9801ED4D}.Debug|ARM64.ActiveCfg = Debug|Any CPU
		{C5598C9A-42B3-4242-BDEA-017E9801ED4D}.Debug|ARM64.Build.0 = Debug|Any CPU
		{C5598C9A-42B3-4242-BDEA-017E9801ED4D}.Debug|iPhone.ActiveCfg = Debug|Any CPU
		{C5598C9A-42B3-4242-BDEA-017E9801ED4D}.Debug|iPhone.Build.0 = Debug|Any CPU
		{C5598C9A-42B3-4242-BDEA-017E9801ED4D}.Debug|iPhoneSimulator.ActiveCfg = Debug|Any CPU
		{C5598C9A-42B3-4242-BDEA-017E9801ED4D}.Debug|iPhoneSimulator.Build.0 = Debug|Any CPU
		{C5598C9A-42B3-4242-BDEA-017E9801ED4D}.Debug|x64.ActiveCfg = Debug|Any CPU
		{C5598C9A-42B3-4242-BDEA-017E9801ED4D}.Debug|x64.Build.0 = Debug|Any CPU
		{C5598C9A-42B3-4242-BDEA-017E9801ED4D}.Debug|x86.ActiveCfg = Debug|Any CPU
		{C5598C9A-42B3-4242-BDEA-017E9801ED4D}.Debug|x86.Build.0 = Debug|Any CPU
		{C5598C9A-42B3-4242-BDEA-017E9801ED4D}.Release|Any CPU.ActiveCfg = Release|Any CPU
		{C5598C9A-42B3-4242-BDEA-017E9801ED4D}.Release|Any CPU.Build.0 = Release|Any CPU
		{C5598C9A-42B3-4242-BDEA-017E9801ED4D}.Release|ARM.ActiveCfg = Release|Any CPU
		{C5598C9A-42B3-4242-BDEA-017E9801ED4D}.Release|ARM.Build.0 = Release|Any CPU
		{C5598C9A-42B3-4242-BDEA-017E9801ED4D}.Release|ARM64.ActiveCfg = Release|Any CPU
		{C5598C9A-42B3-4242-BDEA-017E9801ED4D}.Release|ARM64.Build.0 = Release|Any CPU
		{C5598C9A-42B3-4242-BDEA-017E9801ED4D}.Release|iPhone.ActiveCfg = Release|Any CPU
		{C5598C9A-42B3-4242-BDEA-017E9801ED4D}.Release|iPhone.Build.0 = Release|Any CPU
		{C5598C9A-42B3-4242-BDEA-017E9801ED4D}.Release|iPhoneSimulator.ActiveCfg = Release|Any CPU
		{C5598C9A-42B3-4242-BDEA-017E9801ED4D}.Release|iPhoneSimulator.Build.0 = Release|Any CPU
		{C5598C9A-42B3-4242-BDEA-017E9801ED4D}.Release|x64.ActiveCfg = Release|Any CPU
		{C5598C9A-42B3-4242-BDEA-017E9801ED4D}.Release|x64.Build.0 = Release|Any CPU
		{C5598C9A-42B3-4242-BDEA-017E9801ED4D}.Release|x86.ActiveCfg = Release|Any CPU
		{C5598C9A-42B3-4242-BDEA-017E9801ED4D}.Release|x86.Build.0 = Release|Any CPU
		{16C07E74-7BE4-4E30-A6F2-44F9771A2F22}.Ad-Hoc|Any CPU.ActiveCfg = Debug|Any CPU
		{16C07E74-7BE4-4E30-A6F2-44F9771A2F22}.Ad-Hoc|Any CPU.Build.0 = Debug|Any CPU
		{16C07E74-7BE4-4E30-A6F2-44F9771A2F22}.Ad-Hoc|ARM.ActiveCfg = Debug|Any CPU
		{16C07E74-7BE4-4E30-A6F2-44F9771A2F22}.Ad-Hoc|ARM.Build.0 = Debug|Any CPU
		{16C07E74-7BE4-4E30-A6F2-44F9771A2F22}.Ad-Hoc|ARM64.ActiveCfg = Debug|Any CPU
		{16C07E74-7BE4-4E30-A6F2-44F9771A2F22}.Ad-Hoc|ARM64.Build.0 = Debug|Any CPU
		{16C07E74-7BE4-4E30-A6F2-44F9771A2F22}.Ad-Hoc|iPhone.ActiveCfg = Debug|Any CPU
		{16C07E74-7BE4-4E30-A6F2-44F9771A2F22}.Ad-Hoc|iPhone.Build.0 = Debug|Any CPU
		{16C07E74-7BE4-4E30-A6F2-44F9771A2F22}.Ad-Hoc|iPhoneSimulator.ActiveCfg = Debug|Any CPU
		{16C07E74-7BE4-4E30-A6F2-44F9771A2F22}.Ad-Hoc|iPhoneSimulator.Build.0 = Debug|Any CPU
		{16C07E74-7BE4-4E30-A6F2-44F9771A2F22}.Ad-Hoc|x64.ActiveCfg = Debug|Any CPU
		{16C07E74-7BE4-4E30-A6F2-44F9771A2F22}.Ad-Hoc|x64.Build.0 = Debug|Any CPU
		{16C07E74-7BE4-4E30-A6F2-44F9771A2F22}.Ad-Hoc|x86.ActiveCfg = Debug|Any CPU
		{16C07E74-7BE4-4E30-A6F2-44F9771A2F22}.Ad-Hoc|x86.Build.0 = Debug|Any CPU
		{16C07E74-7BE4-4E30-A6F2-44F9771A2F22}.AppStore|Any CPU.ActiveCfg = Debug|Any CPU
		{16C07E74-7BE4-4E30-A6F2-44F9771A2F22}.AppStore|Any CPU.Build.0 = Debug|Any CPU
		{16C07E74-7BE4-4E30-A6F2-44F9771A2F22}.AppStore|ARM.ActiveCfg = Debug|Any CPU
		{16C07E74-7BE4-4E30-A6F2-44F9771A2F22}.AppStore|ARM.Build.0 = Debug|Any CPU
		{16C07E74-7BE4-4E30-A6F2-44F9771A2F22}.AppStore|ARM64.ActiveCfg = Debug|Any CPU
		{16C07E74-7BE4-4E30-A6F2-44F9771A2F22}.AppStore|ARM64.Build.0 = Debug|Any CPU
		{16C07E74-7BE4-4E30-A6F2-44F9771A2F22}.AppStore|iPhone.ActiveCfg = Debug|Any CPU
		{16C07E74-7BE4-4E30-A6F2-44F9771A2F22}.AppStore|iPhone.Build.0 = Debug|Any CPU
		{16C07E74-7BE4-4E30-A6F2-44F9771A2F22}.AppStore|iPhoneSimulator.ActiveCfg = Debug|Any CPU
		{16C07E74-7BE4-4E30-A6F2-44F9771A2F22}.AppStore|iPhoneSimulator.Build.0 = Debug|Any CPU
		{16C07E74-7BE4-4E30-A6F2-44F9771A2F22}.AppStore|x64.ActiveCfg = Debug|Any CPU
		{16C07E74-7BE4-4E30-A6F2-44F9771A2F22}.AppStore|x64.Build.0 = Debug|Any CPU
		{16C07E74-7BE4-4E30-A6F2-44F9771A2F22}.AppStore|x86.ActiveCfg = Debug|Any CPU
		{16C07E74-7BE4-4E30-A6F2-44F9771A2F22}.AppStore|x86.Build.0 = Debug|Any CPU
		{16C07E74-7BE4-4E30-A6F2-44F9771A2F22}.Debug|Any CPU.ActiveCfg = Debug|Any CPU
		{16C07E74-7BE4-4E30-A6F2-44F9771A2F22}.Debug|Any CPU.Build.0 = Debug|Any CPU
		{16C07E74-7BE4-4E30-A6F2-44F9771A2F22}.Debug|ARM.ActiveCfg = Debug|Any CPU
		{16C07E74-7BE4-4E30-A6F2-44F9771A2F22}.Debug|ARM.Build.0 = Debug|Any CPU
		{16C07E74-7BE4-4E30-A6F2-44F9771A2F22}.Debug|ARM64.ActiveCfg = Debug|Any CPU
		{16C07E74-7BE4-4E30-A6F2-44F9771A2F22}.Debug|ARM64.Build.0 = Debug|Any CPU
		{16C07E74-7BE4-4E30-A6F2-44F9771A2F22}.Debug|iPhone.ActiveCfg = Debug|Any CPU
		{16C07E74-7BE4-4E30-A6F2-44F9771A2F22}.Debug|iPhone.Build.0 = Debug|Any CPU
		{16C07E74-7BE4-4E30-A6F2-44F9771A2F22}.Debug|iPhoneSimulator.ActiveCfg = Debug|Any CPU
		{16C07E74-7BE4-4E30-A6F2-44F9771A2F22}.Debug|iPhoneSimulator.Build.0 = Debug|Any CPU
		{16C07E74-7BE4-4E30-A6F2-44F9771A2F22}.Debug|x64.ActiveCfg = Debug|Any CPU
		{16C07E74-7BE4-4E30-A6F2-44F9771A2F22}.Debug|x64.Build.0 = Debug|Any CPU
		{16C07E74-7BE4-4E30-A6F2-44F9771A2F22}.Debug|x86.ActiveCfg = Debug|Any CPU
		{16C07E74-7BE4-4E30-A6F2-44F9771A2F22}.Debug|x86.Build.0 = Debug|Any CPU
		{16C07E74-7BE4-4E30-A6F2-44F9771A2F22}.Release|Any CPU.ActiveCfg = Release|Any CPU
		{16C07E74-7BE4-4E30-A6F2-44F9771A2F22}.Release|Any CPU.Build.0 = Release|Any CPU
		{16C07E74-7BE4-4E30-A6F2-44F9771A2F22}.Release|ARM.ActiveCfg = Release|Any CPU
		{16C07E74-7BE4-4E30-A6F2-44F9771A2F22}.Release|ARM.Build.0 = Release|Any CPU
		{16C07E74-7BE4-4E30-A6F2-44F9771A2F22}.Release|ARM64.ActiveCfg = Release|Any CPU
		{16C07E74-7BE4-4E30-A6F2-44F9771A2F22}.Release|ARM64.Build.0 = Release|Any CPU
		{16C07E74-7BE4-4E30-A6F2-44F9771A2F22}.Release|iPhone.ActiveCfg = Release|Any CPU
		{16C07E74-7BE4-4E30-A6F2-44F9771A2F22}.Release|iPhone.Build.0 = Release|Any CPU
		{16C07E74-7BE4-4E30-A6F2-44F9771A2F22}.Release|iPhoneSimulator.ActiveCfg = Release|Any CPU
		{16C07E74-7BE4-4E30-A6F2-44F9771A2F22}.Release|iPhoneSimulator.Build.0 = Release|Any CPU
		{16C07E74-7BE4-4E30-A6F2-44F9771A2F22}.Release|x64.ActiveCfg = Release|Any CPU
		{16C07E74-7BE4-4E30-A6F2-44F9771A2F22}.Release|x64.Build.0 = Release|Any CPU
		{16C07E74-7BE4-4E30-A6F2-44F9771A2F22}.Release|x86.ActiveCfg = Release|Any CPU
		{16C07E74-7BE4-4E30-A6F2-44F9771A2F22}.Release|x86.Build.0 = Release|Any CPU
	EndGlobalSection
	GlobalSection(SolutionProperties) = preSolution
		HideSolutionNode = FALSE
	EndGlobalSection
	GlobalSection(NestedProjects) = preSolution
		{8F0F9C23-2211-416A-B69C-9A6C693EE289} = {1474B81A-1249-4BEF-9D05-C523BD223CC5}
		{1861FAB5-ACDC-434B-9524-4108B7190B0F} = {1474B81A-1249-4BEF-9D05-C523BD223CC5}
		{0A6B5204-CB1F-48A4-87DD-63F7D14E2558} = {1474B81A-1249-4BEF-9D05-C523BD223CC5}
		{092792D1-33A0-4E1C-982C-BEF98A9B1336} = {1474B81A-1249-4BEF-9D05-C523BD223CC5}
		{F3A29B3A-622F-41A7-AF87-3260F049A83F} = {1474B81A-1249-4BEF-9D05-C523BD223CC5}
		{245BE66C-712D-4055-9230-BD3D2F049A27} = {1474B81A-1249-4BEF-9D05-C523BD223CC5}
		{7B16CAF9-38B3-484F-BDB9-A85B925027AE} = {1474B81A-1249-4BEF-9D05-C523BD223CC5}
		{C5598C9A-42B3-4242-BDEA-017E9801ED4D} = {1474B81A-1249-4BEF-9D05-C523BD223CC5}
		{16C07E74-7BE4-4E30-A6F2-44F9771A2F22} = {1474B81A-1249-4BEF-9D05-C523BD223CC5}
	EndGlobalSection
	GlobalSection(ExtensibilityGlobals) = postSolution
		SolutionGuid = {497CA22B-D767-4FE9-8D74-7C90331E5598}
	EndGlobalSection
EndGlobal
